
Microsoft Visual Studio Solution File, Format Version 12.00
# Visual Studio Version 17
VisualStudioVersion = 17.0.32014.148
MinimumVisualStudioVersion = 10.0.40219.1
Project("{FAE04EC0-301F-11D3-BF4B-00C04F79EFBC}") = "ExcelReportApp", "ExcelReportApp.csproj", "{638459F8-5290-4CC2-899F-5D800EB9BA80}"
EndProject
Global
	GlobalSection(SolutionConfigurationPlatforms) = preSolution
		Debug|Any CPU = Debug|Any CPU
		Release|Any CPU = Release|Any CPU
	EndGlobalSection
	GlobalSection(ProjectConfigurationPlatforms) = postSolution
		{638459F8-5290-4CC2-899F-5D800EB9BA80}.Debug|Any CPU.ActiveCfg = Debug|Any CPU
		{638459F8-5290-4CC2-899F-5D800EB9BA80}.Debug|Any CPU.Build.0 = Debug|Any CPU
		{638459F8-5290-4CC2-899F-5D800EB9BA80}.Release|Any CPU.ActiveCfg = Release|Any CPU
		{638459F8-5290-4CC2-899F-5D800EB9BA80}.Release|Any CPU.Build.0 = Release|Any CPU
	EndGlobalSection
	GlobalSection(SolutionProperties) = preSolution
		HideSolutionNode = FALSE
	EndGlobalSection
	GlobalSection(ExtensibilityGlobals) = postSolution
		SolutionGuid = {3F2F9EEA-1AFD-4D67-AE5F-73371C0D3590}
	EndGlobalSection
EndGlobal
